
Microsoft Visual Studio Solution File, Format Version 12.00
# Visual Studio Version 16
VisualStudioVersion = 16.0.31702.278
MinimumVisualStudioVersion = 10.0.40219.1
Project("{888888A0-9F3D-457C-B088-3A5042F75D52}") = "MyApp", "MyApp.pyproj", "{2BD8AA13-9B9F-4A21-84EE-7CB7621822AF}"
EndProject
Global
	GlobalSection(SolutionConfigurationPlatforms) = preSolution
		Debug|Any CPU = Debug|Any CPU
		Release|Any CPU = Release|Any CPU
	EndGlobalSection
	GlobalSection(ProjectConfigurationPlatforms) = postSolution
		{2BD8AA13-9B9F-4A21-84EE-7CB7621822AF}.Debug|Any CPU.ActiveCfg = Debug|Any CPU
		{2BD8AA13-9B9F-4A21-84EE-7CB7621822AF}.Release|Any CPU.ActiveCfg = Release|Any CPU
	EndGlobalSection
	GlobalSection(SolutionProperties) = preSolution
		HideSolutionNode = FALSE
	EndGlobalSection
	GlobalSection(ExtensibilityGlobals) = postSolution
		SolutionGuid = {13EDEC53-658D-40D1-83E5-22D2BD494509}
	EndGlobalSection
EndGlobal
